
Microsoft Visual Studio Solution File, Format Version 12.00
# Visual Studio Version 17
VisualStudioVersion = 17.5.002.0
MinimumVisualStudioVersion = 10.0.40219.1
Project("{9A19103F-16F7-4668-BE54-9A1E7A4F7556}") = "Duplicates", "Duplicates.csproj", "{FBDDEBFC-798F-4CF6-9AAD-29FCF2A49224}"
EndProject
Global
	GlobalSection(SolutionConfigurationPlatforms) = preSolution
		Debug|Any CPU = Debug|Any CPU
		Release|Any CPU = Release|Any CPU
	EndGlobalSection
	GlobalSection(ProjectConfigurationPlatforms) = postSolution
		{FBDDEBFC-798F-4CF6-9AAD-29FCF2A49224}.Debug|Any CPU.ActiveCfg = Debug|Any CPU
		{FBDDEBFC-798F-4CF6-9AAD-29FCF2A49224}.Debug|Any CPU.Build.0 = Debug|Any CPU
		{FBDDEBFC-798F-4CF6-9AAD-29FCF2A49224}.Release|Any CPU.ActiveCfg = Release|Any CPU
		{FBDDEBFC-798F-4CF6-9AAD-29FCF2A49224}.Release|Any CPU.Build.0 = Release|Any CPU
	EndGlobalSection
	GlobalSection(SolutionProperties) = preSolution
		HideSolutionNode = FALSE
	EndGlobalSection
	GlobalSection(ExtensibilityGlobals) = postSolution
		SolutionGuid = {8AE178C7-15AD-42FD-9637-655B314F1FF9}
	EndGlobalSection
EndGlobal
