
Microsoft Visual Studio Solution File, Format Version 12.00
# Visual Studio Version 17
VisualStudioVersion = 17.5.002.0
MinimumVisualStudioVersion = 10.0.40219.1
Project("{9A19103F-16F7-4668-BE54-9A1E7A4F7556}") = "Balance", "Balance\Balance.csproj", "{159500EE-2D99-484F-BBA3-567A273A4833}"
EndProject
Global
	GlobalSection(SolutionConfigurationPlatforms) = preSolution
		Debug|Any CPU = Debug|Any CPU
		Release|Any CPU = Release|Any CPU
	EndGlobalSection
	GlobalSection(ProjectConfigurationPlatforms) = postSolution
		{159500EE-2D99-484F-BBA3-567A273A4833}.Debug|Any CPU.ActiveCfg = Debug|Any CPU
		{159500EE-2D99-484F-BBA3-567A273A4833}.Debug|Any CPU.Build.0 = Debug|Any CPU
		{159500EE-2D99-484F-BBA3-567A273A4833}.Release|Any CPU.ActiveCfg = Release|Any CPU
		{159500EE-2D99-484F-BBA3-567A273A4833}.Release|Any CPU.Build.0 = Release|Any CPU
	EndGlobalSection
	GlobalSection(SolutionProperties) = preSolution
		HideSolutionNode = FALSE
	EndGlobalSection
	GlobalSection(ExtensibilityGlobals) = postSolution
		SolutionGuid = {6251F5E3-9EC8-4726-B1FA-3C83214C84E2}
	EndGlobalSection
EndGlobal
