
Microsoft Visual Studio Solution File, Format Version 12.00
# Visual Studio Version 17
VisualStudioVersion = 17.5.002.0
MinimumVisualStudioVersion = 10.0.40219.1
Project("{9A19103F-16F7-4668-BE54-9A1E7A4F7556}") = "BackTracking", "BackTracking.csproj", "{D9305967-79F6-481C-B4E2-1394FA3B0B06}"
EndProject
Global
	GlobalSection(SolutionConfigurationPlatforms) = preSolution
		Debug|Any CPU = Debug|Any CPU
		Release|Any CPU = Release|Any CPU
	EndGlobalSection
	GlobalSection(ProjectConfigurationPlatforms) = postSolution
		{D9305967-79F6-481C-B4E2-1394FA3B0B06}.Debug|Any CPU.ActiveCfg = Debug|Any CPU
		{D9305967-79F6-481C-B4E2-1394FA3B0B06}.Debug|Any CPU.Build.0 = Debug|Any CPU
		{D9305967-79F6-481C-B4E2-1394FA3B0B06}.Release|Any CPU.ActiveCfg = Release|Any CPU
		{D9305967-79F6-481C-B4E2-1394FA3B0B06}.Release|Any CPU.Build.0 = Release|Any CPU
	EndGlobalSection
	GlobalSection(SolutionProperties) = preSolution
		HideSolutionNode = FALSE
	EndGlobalSection
	GlobalSection(ExtensibilityGlobals) = postSolution
		SolutionGuid = {1B14EF10-9F9F-4CCC-AB5B-EB861E2DA8C4}
	EndGlobalSection
EndGlobal
