
Microsoft Visual Studio Solution File, Format Version 12.00
# Visual Studio Version 17
VisualStudioVersion = 17.5.002.0
MinimumVisualStudioVersion = 10.0.40219.1
Project("{9A19103F-16F7-4668-BE54-9A1E7A4F7556}") = "Parking", "Parking.csproj", "{709EC514-5A5E-4ADC-87D1-BCA423EC6F6D}"
EndProject
Global
	GlobalSection(SolutionConfigurationPlatforms) = preSolution
		Debug|Any CPU = Debug|Any CPU
		Release|Any CPU = Release|Any CPU
	EndGlobalSection
	GlobalSection(ProjectConfigurationPlatforms) = postSolution
		{709EC514-5A5E-4ADC-87D1-BCA423EC6F6D}.Debug|Any CPU.ActiveCfg = Debug|Any CPU
		{709EC514-5A5E-4ADC-87D1-BCA423EC6F6D}.Debug|Any CPU.Build.0 = Debug|Any CPU
		{709EC514-5A5E-4ADC-87D1-BCA423EC6F6D}.Release|Any CPU.ActiveCfg = Release|Any CPU
		{709EC514-5A5E-4ADC-87D1-BCA423EC6F6D}.Release|Any CPU.Build.0 = Release|Any CPU
	EndGlobalSection
	GlobalSection(SolutionProperties) = preSolution
		HideSolutionNode = FALSE
	EndGlobalSection
	GlobalSection(ExtensibilityGlobals) = postSolution
		SolutionGuid = {BFF33D75-49DF-4DB0-A635-E8EBF4E8F61E}
	EndGlobalSection
EndGlobal
