
Microsoft Visual Studio Solution File, Format Version 12.00
# Visual Studio Version 17
VisualStudioVersion = 17.5.002.0
MinimumVisualStudioVersion = 10.0.40219.1
Project("{9A19103F-16F7-4668-BE54-9A1E7A4F7556}") = "Distance", "Distance.csproj", "{D8C71587-7FD9-445E-9531-09C60D0847F2}"
EndProject
Global
	GlobalSection(SolutionConfigurationPlatforms) = preSolution
		Debug|Any CPU = Debug|Any CPU
		Release|Any CPU = Release|Any CPU
	EndGlobalSection
	GlobalSection(ProjectConfigurationPlatforms) = postSolution
		{D8C71587-7FD9-445E-9531-09C60D0847F2}.Debug|Any CPU.ActiveCfg = Debug|Any CPU
		{D8C71587-7FD9-445E-9531-09C60D0847F2}.Debug|Any CPU.Build.0 = Debug|Any CPU
		{D8C71587-7FD9-445E-9531-09C60D0847F2}.Release|Any CPU.ActiveCfg = Release|Any CPU
		{D8C71587-7FD9-445E-9531-09C60D0847F2}.Release|Any CPU.Build.0 = Release|Any CPU
	EndGlobalSection
	GlobalSection(SolutionProperties) = preSolution
		HideSolutionNode = FALSE
	EndGlobalSection
	GlobalSection(ExtensibilityGlobals) = postSolution
		SolutionGuid = {08727EE4-F00C-4E44-BDEE-9042850A6104}
	EndGlobalSection
EndGlobal
