
Microsoft Visual Studio Solution File, Format Version 12.00
# Visual Studio Version 17
VisualStudioVersion = 17.5.002.0
MinimumVisualStudioVersion = 10.0.40219.1
Project("{9A19103F-16F7-4668-BE54-9A1E7A4F7556}") = "Multiplication", "Multiplication.csproj", "{CA1185D7-3C34-4C6D-BAC6-C5FF762680F2}"
EndProject
Global
	GlobalSection(SolutionConfigurationPlatforms) = preSolution
		Debug|Any CPU = Debug|Any CPU
		Release|Any CPU = Release|Any CPU
	EndGlobalSection
	GlobalSection(ProjectConfigurationPlatforms) = postSolution
		{CA1185D7-3C34-4C6D-BAC6-C5FF762680F2}.Debug|Any CPU.ActiveCfg = Debug|Any CPU
		{CA1185D7-3C34-4C6D-BAC6-C5FF762680F2}.Debug|Any CPU.Build.0 = Debug|Any CPU
		{CA1185D7-3C34-4C6D-BAC6-C5FF762680F2}.Release|Any CPU.ActiveCfg = Release|Any CPU
		{CA1185D7-3C34-4C6D-BAC6-C5FF762680F2}.Release|Any CPU.Build.0 = Release|Any CPU
	EndGlobalSection
	GlobalSection(SolutionProperties) = preSolution
		HideSolutionNode = FALSE
	EndGlobalSection
	GlobalSection(ExtensibilityGlobals) = postSolution
		SolutionGuid = {13E55493-1F84-426E-8517-46F08F3408A7}
	EndGlobalSection
EndGlobal
