
Microsoft Visual Studio Solution File, Format Version 12.00
# Visual Studio Version 17
VisualStudioVersion = 17.4.33103.184
MinimumVisualStudioVersion = 10.0.40219.1
Project("{FAE04EC0-301F-11D3-BF4B-00C04F79EFBC}") = "Voorbeeld", "Voorbeeld.csproj", "{1FAC5229-7B82-4F47-B498-86B6EDD2CD6B}"
EndProject
Global
	GlobalSection(SolutionConfigurationPlatforms) = preSolution
		Debug|Any CPU = Debug|Any CPU
		Release|Any CPU = Release|Any CPU
	EndGlobalSection
	GlobalSection(ProjectConfigurationPlatforms) = postSolution
		{1FAC5229-7B82-4F47-B498-86B6EDD2CD6B}.Debug|Any CPU.ActiveCfg = Debug|Any CPU
		{1FAC5229-7B82-4F47-B498-86B6EDD2CD6B}.Debug|Any CPU.Build.0 = Debug|Any CPU
		{1FAC5229-7B82-4F47-B498-86B6EDD2CD6B}.Release|Any CPU.ActiveCfg = Release|Any CPU
		{1FAC5229-7B82-4F47-B498-86B6EDD2CD6B}.Release|Any CPU.Build.0 = Release|Any CPU
	EndGlobalSection
	GlobalSection(SolutionProperties) = preSolution
		HideSolutionNode = FALSE
	EndGlobalSection
	GlobalSection(ExtensibilityGlobals) = postSolution
		SolutionGuid = {62A3F242-B031-45FB-83BF-C5EC9ED25616}
	EndGlobalSection
EndGlobal
