
Microsoft Visual Studio Solution File, Format Version 12.00
# Visual Studio Version 17
VisualStudioVersion = 17.4.33103.184
MinimumVisualStudioVersion = 10.0.40219.1
Project("{9A19103F-16F7-4668-BE54-9A1E7A4F7556}") = "Duplicates", "Duplicates.csproj", "{406BCF52-EAAD-44C4-8D63-94CFD522352C}"
EndProject
Global
	GlobalSection(SolutionConfigurationPlatforms) = preSolution
		Debug|Any CPU = Debug|Any CPU
		Release|Any CPU = Release|Any CPU
	EndGlobalSection
	GlobalSection(ProjectConfigurationPlatforms) = postSolution
		{406BCF52-EAAD-44C4-8D63-94CFD522352C}.Debug|Any CPU.ActiveCfg = Debug|Any CPU
		{406BCF52-EAAD-44C4-8D63-94CFD522352C}.Debug|Any CPU.Build.0 = Debug|Any CPU
		{406BCF52-EAAD-44C4-8D63-94CFD522352C}.Release|Any CPU.ActiveCfg = Release|Any CPU
		{406BCF52-EAAD-44C4-8D63-94CFD522352C}.Release|Any CPU.Build.0 = Release|Any CPU
	EndGlobalSection
	GlobalSection(SolutionProperties) = preSolution
		HideSolutionNode = FALSE
	EndGlobalSection
	GlobalSection(ExtensibilityGlobals) = postSolution
		SolutionGuid = {64559D28-8197-42AD-B012-14DDBDE849E0}
	EndGlobalSection
EndGlobal
