
Microsoft Visual Studio Solution File, Format Version 12.00
# Visual Studio Version 17
VisualStudioVersion = 17.5.002.0
MinimumVisualStudioVersion = 10.0.40219.1
Project("{9A19103F-16F7-4668-BE54-9A1E7A4F7556}") = "DynamicProgramming", "DynamicProgramming\DynamicProgramming.csproj", "{EEBF9C16-871A-44D7-94DD-75CAD94BE978}"
EndProject
Global
	GlobalSection(SolutionConfigurationPlatforms) = preSolution
		Debug|Any CPU = Debug|Any CPU
		Release|Any CPU = Release|Any CPU
	EndGlobalSection
	GlobalSection(ProjectConfigurationPlatforms) = postSolution
		{EEBF9C16-871A-44D7-94DD-75CAD94BE978}.Debug|Any CPU.ActiveCfg = Debug|Any CPU
		{EEBF9C16-871A-44D7-94DD-75CAD94BE978}.Debug|Any CPU.Build.0 = Debug|Any CPU
		{EEBF9C16-871A-44D7-94DD-75CAD94BE978}.Release|Any CPU.ActiveCfg = Release|Any CPU
		{EEBF9C16-871A-44D7-94DD-75CAD94BE978}.Release|Any CPU.Build.0 = Release|Any CPU
	EndGlobalSection
	GlobalSection(SolutionProperties) = preSolution
		HideSolutionNode = FALSE
	EndGlobalSection
	GlobalSection(ExtensibilityGlobals) = postSolution
		SolutionGuid = {BD219297-7A89-4B53-848F-4A7AE9863A5E}
	EndGlobalSection
EndGlobal
