
Microsoft Visual Studio Solution File, Format Version 12.00
# Visual Studio Version 17
VisualStudioVersion = 17.5.002.0
MinimumVisualStudioVersion = 10.0.40219.1
Project("{9A19103F-16F7-4668-BE54-9A1E7A4F7556}") = "Graphs", "Graphs\Graphs.csproj", "{BFDB498B-2B18-4D9A-B25C-57476173D434}"
EndProject
Global
	GlobalSection(SolutionConfigurationPlatforms) = preSolution
		Debug|Any CPU = Debug|Any CPU
		Release|Any CPU = Release|Any CPU
	EndGlobalSection
	GlobalSection(ProjectConfigurationPlatforms) = postSolution
		{BFDB498B-2B18-4D9A-B25C-57476173D434}.Debug|Any CPU.ActiveCfg = Debug|Any CPU
		{BFDB498B-2B18-4D9A-B25C-57476173D434}.Debug|Any CPU.Build.0 = Debug|Any CPU
		{BFDB498B-2B18-4D9A-B25C-57476173D434}.Release|Any CPU.ActiveCfg = Release|Any CPU
		{BFDB498B-2B18-4D9A-B25C-57476173D434}.Release|Any CPU.Build.0 = Release|Any CPU
	EndGlobalSection
	GlobalSection(SolutionProperties) = preSolution
		HideSolutionNode = FALSE
	EndGlobalSection
	GlobalSection(ExtensibilityGlobals) = postSolution
		SolutionGuid = {A3F0056A-C2E1-4430-9EEF-69B52B1B6F1B}
	EndGlobalSection
EndGlobal
