
Microsoft Visual Studio Solution File, Format Version 12.00
# Visual Studio Version 17
VisualStudioVersion = 17.4.33103.184
MinimumVisualStudioVersion = 10.0.40219.1
Project("{9A19103F-16F7-4668-BE54-9A1E7A4F7556}") = "Similair", "Similair.csproj", "{4CCE5642-FF0B-4874-94B0-6B44622AF7FA}"
EndProject
Project("{2150E333-8FDC-42A3-9474-1A3956D46DE8}") = "Solution Items", "Solution Items", "{4FAAA227-2FD2-413A-9DC8-FECA348AE7B3}"
	ProjectSection(SolutionItems) = preProject
		Assignment.cs = Assignment.cs
	EndProjectSection
EndProject
Global
	GlobalSection(SolutionConfigurationPlatforms) = preSolution
		Debug|Any CPU = Debug|Any CPU
		Release|Any CPU = Release|Any CPU
	EndGlobalSection
	GlobalSection(ProjectConfigurationPlatforms) = postSolution
		{4CCE5642-FF0B-4874-94B0-6B44622AF7FA}.Debug|Any CPU.ActiveCfg = Debug|Any CPU
		{4CCE5642-FF0B-4874-94B0-6B44622AF7FA}.Debug|Any CPU.Build.0 = Debug|Any CPU
		{4CCE5642-FF0B-4874-94B0-6B44622AF7FA}.Release|Any CPU.ActiveCfg = Release|Any CPU
		{4CCE5642-FF0B-4874-94B0-6B44622AF7FA}.Release|Any CPU.Build.0 = Release|Any CPU
	EndGlobalSection
	GlobalSection(SolutionProperties) = preSolution
		HideSolutionNode = FALSE
	EndGlobalSection
	GlobalSection(ExtensibilityGlobals) = postSolution
		SolutionGuid = {2142F1A7-ECF3-455E-B492-E578D63B9B3F}
	EndGlobalSection
EndGlobal
