
Microsoft Visual Studio Solution File, Format Version 12.00
# Visual Studio Version 17
VisualStudioVersion = 17.5.002.0
MinimumVisualStudioVersion = 10.0.40219.1
Project("{9A19103F-16F7-4668-BE54-9A1E7A4F7556}") = "Minimum", "Minimum.csproj", "{A684845D-0AD1-4975-9547-FDE79358EDBD}"
EndProject
Global
	GlobalSection(SolutionConfigurationPlatforms) = preSolution
		Debug|Any CPU = Debug|Any CPU
		Release|Any CPU = Release|Any CPU
	EndGlobalSection
	GlobalSection(ProjectConfigurationPlatforms) = postSolution
		{A684845D-0AD1-4975-9547-FDE79358EDBD}.Debug|Any CPU.ActiveCfg = Debug|Any CPU
		{A684845D-0AD1-4975-9547-FDE79358EDBD}.Debug|Any CPU.Build.0 = Debug|Any CPU
		{A684845D-0AD1-4975-9547-FDE79358EDBD}.Release|Any CPU.ActiveCfg = Release|Any CPU
		{A684845D-0AD1-4975-9547-FDE79358EDBD}.Release|Any CPU.Build.0 = Release|Any CPU
	EndGlobalSection
	GlobalSection(SolutionProperties) = preSolution
		HideSolutionNode = FALSE
	EndGlobalSection
	GlobalSection(ExtensibilityGlobals) = postSolution
		SolutionGuid = {39C7AD29-870D-46A7-9898-FD26289C1208}
	EndGlobalSection
EndGlobal
